
Microsoft Visual Studio Solution File, Format Version 12.00
# Visual Studio Version 17
VisualStudioVersion = 17.8.34330.188
MinimumVisualStudioVersion = 10.0.40219.1
Project("{FAE04EC0-301F-11D3-BF4B-00C04F79EFBC}") = "DentalClinicProject", "DentalClinicProject\DentalClinicProject.csproj", "{7618DF7E-5C11-494E-BF6F-D8037987888F}"
EndProject
Global
	GlobalSection(SolutionConfigurationPlatforms) = preSolution
		Debug|Any CPU = Debug|Any CPU
		Release|Any CPU = Release|Any CPU
	EndGlobalSection
	GlobalSection(ProjectConfigurationPlatforms) = postSolution
		{7618DF7E-5C11-494E-BF6F-D8037987888F}.Debug|Any CPU.ActiveCfg = Debug|Any CPU
		{7618DF7E-5C11-494E-BF6F-D8037987888F}.Debug|Any CPU.Build.0 = Debug|Any CPU
		{7618DF7E-5C11-494E-BF6F-D8037987888F}.Release|Any CPU.ActiveCfg = Release|Any CPU
		{7618DF7E-5C11-494E-BF6F-D8037987888F}.Release|Any CPU.Build.0 = Release|Any CPU
	EndGlobalSection
	GlobalSection(SolutionProperties) = preSolution
		HideSolutionNode = FALSE
	EndGlobalSection
	GlobalSection(ExtensibilityGlobals) = postSolution
		SolutionGuid = {8667B2E9-E90F-48BE-8166-E94202602358}
	EndGlobalSection
EndGlobal
